
Microsoft Visual Studio Solution File, Format Version 12.00
# Visual Studio Version 17
VisualStudioVersion = 17.7.34031.279
MinimumVisualStudioVersion = 10.0.40219.1
Project("{888888A0-9F3D-457C-B088-3A5042F75D52}") = "HeartPredictor", "HeartPredictor\HeartPredictor.pyproj", "{32ADDB84-3704-4525-B7AA-1C629C2ED109}"
EndProject
Global
	GlobalSection(SolutionConfigurationPlatforms) = preSolution
		Debug|Any CPU = Debug|Any CPU
		Release|Any CPU = Release|Any CPU
	EndGlobalSection
	GlobalSection(ProjectConfigurationPlatforms) = postSolution
		{32ADDB84-3704-4525-B7AA-1C629C2ED109}.Debug|Any CPU.ActiveCfg = Debug|Any CPU
		{32ADDB84-3704-4525-B7AA-1C629C2ED109}.Release|Any CPU.ActiveCfg = Release|Any CPU
	EndGlobalSection
	GlobalSection(SolutionProperties) = preSolution
		HideSolutionNode = FALSE
	EndGlobalSection
	GlobalSection(ExtensibilityGlobals) = postSolution
		SolutionGuid = {F181818D-3A01-4936-A0F4-749D468D4BCC}
	EndGlobalSection
EndGlobal
